{
  "name": "@hncode/hncode",
  "version": "0.1.11",
  "lockfileVersion": 3,
  "requires": true,
  "packages": {
    "": {
      "name": "@hncode/hncode",
      "version": "0.1.11",
      "hasInstallScript": true,
      "license": "GPL-3.0-only",
      "bin": {
        "hncode": "bin/hncode"
      },
      "engines": {
        "node": ">=20"
      }
    }
  }
}
